// !$*UTF8*$!
{
	archiveVersion = 1;
	classes = {
	};
	objectVersion = 46;
	objects = {

/* Begin PBXBuildFile section */
		DABC93821E64BEEA00450520 /* main.m in Sources */ = {isa = PBXBuildFile; fileRef = DABC93811E64BEEA00450520 /* main.m */; };
		DABC93851E64BEEA00450520 /* AppDelegate.m in Sources */ = {isa = PBXBuildFile; fileRef = DABC93841E64BEEA00450520 /* AppDelegate.m */; };
		DABC93881E64BEEA00450520 /* ViewController.m in Sources */ = {isa = PBXBuildFile; fileRef = DABC93871E64BEEA00450520 /* ViewController.m */; };
		DABC938B1E64BEEA00450520 /* Main.storyboard in Resources */ = {isa = PBXBuildFile; fileRef = DABC93891E64BEEA00450520 /* Main.storyboard */; };
		DABC938E1E64BEEA00450520 /* iPhoneImages.xcdatamodeld in Sources */ = {isa = PBXBuildFile; fileRef = DABC938C1E64BEEA00450520 /* iPhoneImages.xcdatamodeld */; };
		DABC93901E64BEEA00450520 /* Assets.xcassets in Resources */ = {isa = PBXBuildFile; fileRef = DABC938F1E64BEEA00450520 /* Assets.xcassets */; };
		DABC93931E64BEEA00450520 /* LaunchScreen.storyboard in Resources */ = {isa = PBXBuildFile; fileRef = DABC93911E64BEEA00450520 /* LaunchScreen.storyboard */; };
/* End PBXBuildFile section */

/* Begin PBXFileReference section */
		DABC937D1E64BEEA00450520 /* iPhoneImages.app */ = {isa = PBXFileReference; explicitFileType = wrapper.application; includeInIndex = 0; path = iPhoneImages.app; sourceTree = BUILT_PRODUCTS_DIR; };
		DABC93811E64BEEA00450520 /* main.m */ = {isa = PBXFileReference; lastKnownFileType = sourcecode.c.objc; path = main.m; sourceTree = "<group>"; };
		DABC93831E64BEEA00450520 /* AppDelegate.h */ = {isa = PBXFileReference; lastKnownFileType = sourcecode.c.h; path = AppDelegate.h; sourceTree = "<group>"; };
		DABC93841E64BEEA00450520 /* AppDelegate.m */ = {isa = PBXFileReference; lastKnownFileType = sourcecode.c.objc; path = AppDelegate.m; sourceTree = "<group>"; };
		DABC93861E64BEEA00450520 /* ViewController.h */ = {isa = PBXFileReference; lastKnownFileType = sourcecode.c.h; path = ViewController.h; sourceTree = "<group>"; };
		DABC93871E64BEEA00450520 /* ViewController.m */ = {isa = PBXFileReference; lastKnownFileType = sourcecode.c.objc; path = ViewController.m; sourceTree = "<group>"; };
		DABC938A1E64BEEA00450520 /* Base */ = {isa = PBXFileReference; lastKnownFileType = file.storyboard; name = Base; path = Base.lproj/Main.storyboard; sourceTree = "<group>"; };
		DABC938D1E64BEEA00450520 /* iPhoneImages.xcdatamodel */ = {isa = PBXFileReference; lastKnownFileType = wrapper.xcdatamodel; path = iPhoneImages.xcdatamodel; sourceTree = "<group>"; };
		DABC938F1E64BEEA00450520 /* Assets.xcassets */ = {isa = PBXFileReference; lastKnownFileType = folder.assetcatalog; path = Assets.xcassets; sourceTree = "<group>"; };
		DABC93921E64BEEA00450520 /* Base */ = {isa = PBXFileReference; lastKnownFileType = file.storyboard; name = Base; path = Base.lproj/LaunchScreen.storyboard; sourceTree = "<group>"; };
		DABC93941E64BEEA00450520 /* Info.plist */ = {isa = PBXFileReference; lastKnownFileType = text.plist.xml; path = Info.plist; sourceTree = "<group>"; };
/* End PBXFileReference section */

/* Begin PBXFrameworksBuildPhase section */
		DABC937A1E64BEEA00450520 /* Frameworks */ = {
			isa = PBXFrameworksBuildPhase;
			buildActionMask = 2147483647;
			files = (
			);
			runOnlyForDeploymentPostprocessing = 0;
		};
/* End PBXFrameworksBuildPhase section */

/* Begin PBXGroup section */
		DABC93741E64BEEA00450520 = {
			isa = PBXGroup;
			children = (
				DABC937F1E64BEEA00450520 /* iPhoneImages */,
				DABC937E1E64BEEA00450520 /* Products */,
			);
			sourceTree = "<group>";
		};
		DABC937E1E64BEEA00450520 /* Products */ = {
			isa = PBXGroup;
			children = (
				DABC937D1E64BEEA00450520 /* iPhoneImages.app */,
			);
			name = Products;
			sourceTree = "<group>";
		};
		DABC937F1E64BEEA00450520 /* iPhoneImages */ = {
			isa = PBXGroup;
			children = (
				DABC93831E64BEEA00450520 /* AppDelegate.h */,
				DABC93841E64BEEA00450520 /* AppDelegate.m */,
				DABC93861E64BEEA00450520 /* ViewController.h */,
				DABC93871E64BEEA00450520 /* ViewController.m */,
				DABC93891E64BEEA00450520 /* Main.storyboard */,
				DABC938F1E64BEEA00450520 /* Assets.xcassets */,
				DABC93911E64BEEA00450520 /* LaunchScreen.storyboard */,
				DABC93941E64BEEA00450520 /* Info.plist */,
				DABC938C1E64BEEA00450520 /* iPhoneImages.xcdatamodeld */,
				DABC93801E64BEEA00450520 /* Supporting Files */,
			);
			path = iPhoneImages;
			sourceTree = "<group>";
		};
		DABC93801E64BEEA00450520 /* Supporting Files */ = {
			isa = PBXGroup;
			children = (
				DABC93811E64BEEA00450520 /* main.m */,
			);
			name = "Supporting Files";
			sourceTree = "<group>";
		};
/* End PBXGroup section */

/* Begin PBXNativeTarget section */
		DABC937C1E64BEEA00450520 /* iPhoneImages */ = {
			isa = PBXNativeTarget;
			buildConfigurationList = DABC93971E64BEEA00450520 /* Build configuration list for PBXNativeTarget "iPhoneImages" */;
			buildPhases = (
				DABC93791E64BEEA00450520 /* Sources */,
				DABC937A1E64BEEA00450520 /* Frameworks */,
				DABC937B1E64BEEA00450520 /* Resources */,
			);
			buildRules = (
			);
			dependencies = (
			);
			name = iPhoneImages;
			productName = iPhoneImages;
			productReference = DABC937D1E64BEEA00450520 /* iPhoneImages.app */;
			productType = "com.apple.product-type.application";
		};
/* End PBXNativeTarget section */

/* Begin PBXProject section */
		DABC93751E64BEEA00450520 /* Project object */ = {
			isa = PBXProject;
			attributes = {
				LastUpgradeCheck = 0820;
				ORGANIZATIONNAME = leomoon;
				TargetAttributes = {
					DABC937C1E64BEEA00450520 = {
						CreatedOnToolsVersion = 8.2.1;
						DevelopmentTeam = UZD8JHA5UW;
						ProvisioningStyle = Automatic;
					};
				};
			};
			buildConfigurationList = DABC93781E64BEEA00450520 /* Build configuration list for PBXProject "iPhoneImages" */;
			compatibilityVersion = "Xcode 3.2";
			developmentRegion = English;
			hasScannedForEncodings = 0;
			knownRegions = (
				en,
				Base,
			);
			mainGroup = DABC93741E64BEEA00450520;
			productRefGroup = DABC937E1E64BEEA00450520 /* Products */;
			projectDirPath = "";
			projectRoot = "";
			targets = (
				DABC937C1E64BEEA00450520 /* iPhoneImages */,
			);
		};
/* End PBXProject section */

/* Begin PBXResourcesBuildPhase section */
		DABC937B1E64BEEA00450520 /* Resources */ = {
			isa = PBXResourcesBuildPhase;
			buildActionMask = 2147483647;
			files = (
				DABC93931E64BEEA00450520 /* LaunchScreen.storyboard in Resources */,
				DABC93901E64BEEA00450520 /* Assets.xcassets in Resources */,
				DABC938B1E64BEEA00450520 /* Main.storyboard in Resources */,
			);
			runOnlyForDeploymentPostprocessing = 0;
		};
/* End PBXResourcesBuildPhase section */

/* Begin PBXSourcesBuildPhase section */
		DABC93791E64BEEA00450520 /* Sources */ = {
			isa = PBXSourcesBuildPhase;
			buildActionMask = 2147483647;
			files = (
				DABC93881E64BEEA00450520 /* ViewController.m in Sources */,
				DABC93851E64BEEA00450520 /* AppDelegate.m in Sources */,
				DABC938E1E64BEEA00450520 /* iPhoneImages.xcdatamodeld in Sources */,
				DABC93821E64BEEA00450520 /* main.m in Sources */,
			);
			runOnlyForDeploymentPostprocessing = 0;
		};
/* End PBXSourcesBuildPhase section */

/* Begin PBXVariantGroup section */
		DABC93891E64BEEA00450520 /* Main.storyboard */ = {
			isa = PBXVariantGroup;
			children = (
				DABC938A1E64BEEA00450520 /* Base */,
			);
			name = Main.storyboard;
			sourceTree = "<group>";
		};
		DABC93911E64BEEA00450520 /* LaunchScreen.storyboard */ = {
			isa = PBXVariantGroup;
			children = (
				DABC93921E64BEEA00450520 /* Base */,
			);
			name = LaunchScreen.storyboard;
			sourceTree = "<group>";
		};
/* End PBXVariantGroup section */

/* Begin XCBuildConfiguration section */
		DABC93951E64BEEA00450520 /* Debug */ = {
			isa = XCBuildConfiguration;
			buildSettings = {
				ALWAYS_SEARCH_USER_PATHS = NO;
				CLANG_ANALYZER_NONNULL = YES;
				CLANG_CXX_LANGUAGE_STANDARD = "gnu++0x";
				CLANG_CXX_LIBRARY = "libc++";
				CLANG_ENABLE_MODULES = YES;
				CLANG_ENABLE_OBJC_ARC = YES;
				CLANG_WARN_BOOL_CONVERSION = YES;
				CLANG_WARN_CONSTANT_CONVERSION = YES;
				CLANG_WARN_DIRECT_OBJC_ISA_USAGE = YES_ERROR;
				CLANG_WARN_DOCUMENTATION_COMMENTS = YES;
				CLANG_WARN_EMPTY_BODY = YES;
				CLANG_WARN_ENUM_CONVERSION = YES;
				CLANG_WARN_INFINITE_RECURSION = YES;
				CLANG_WARN_INT_CONVERSION = YES;
				CLANG_WARN_OBJC_ROOT_CLASS = YES_ERROR;
				CLANG_WARN_SUSPICIOUS_MOVE = YES;
				CLANG_WARN_UNREACHABLE_CODE = YES;
				CLANG_WARN__DUPLICATE_METHOD_MATCH = YES;
				"CODE_SIGN_IDENTITY[sdk=iphoneos*]" = "iPhone Developer";
				COPY_PHASE_STRIP = NO;
				DEBUG_INFORMATION_FORMAT = dwarf;
				ENABLE_STRICT_OBJC_MSGSEND = YES;
				ENABLE_TESTABILITY = YES;
				GCC_C_LANGUAGE_STANDARD = gnu99;
				GCC_DYNAMIC_NO_PIC = NO;
				GCC_NO_COMMON_BLOCKS = YES;
				GCC_OPTIMIZATION_LEVEL = 0;
				GCC_PREPROCESSOR_DEFINITIONS = (
					"DEBUG=1",
					"$(inherited)",
				);
				GCC_WARN_64_TO_32_BIT_CONVERSION = YES;
				GCC_WARN_ABOUT_RETURN_TYPE = YES_ERROR;
				GCC_WARN_UNDECLARED_SELECTOR = YES;
				GCC_WARN_UNINITIALIZED_AUTOS = YES_AGGRESSIVE;
				GCC_WARN_UNUSED_FUNCTION = YES;
				GCC_WARN_UNUSED_VARIABLE = YES;
				IPHONEOS_DEPLOYMENT_TARGET = 10.2;
				MTL_ENABLE_DEBUG_INFO = YES;
				ONLY_ACTIVE_ARCH = YES;
				SDKROOT = iphoneos;
				TARGETED_DEVICE_FAMILY = "1,2";
			};
			name = Debug;
		};
		DABC93961E64BEEA00450520 /* Release */ = {
			isa = XCBuildConfiguration;
			buildSettings = {
				ALWAYS_SEARCH_USER_PATHS = NO;
				CLANG_ANALYZER_NONNULL = YES;
				CLANG_CXX_LANGUAGE_STANDARD = "gnu++0x";
				CLANG_CXX_LIBRARY = "libc++";
				CLANG_ENABLE_MODULES = YES;
				CLANG_ENABLE_OBJC_ARC = YES;
				CLANG_WARN_BOOL_CONVERSION = YES;
				CLANG_WARN_CONSTANT_CONVERSION = YES;
				CLANG_WARN_DIRECT_OBJC_ISA_USAGE = YES_ERROR;
				CLANG_WARN_DOCUMENTATION_COMMENTS = YES;
				CLANG_WARN_EMPTY_BODY = YES;
				CLANG_WARN_ENUM_CONVERSION = YES;
				CLANG_WARN_INFINITE_RECURSION = YES;
				CLANG_WARN_INT_CONVERSION = YES;
				CLANG_WARN_OBJC_ROOT_CLASS = YES_ERROR;
				CLANG_WARN_SUSPICIOUS_MOVE = YES;
				CLANG_WARN_UNREACHABLE_CODE = YES;
				CLANG_WARN__DUPLICATE_METHOD_MATCH = YES;
				"CODE_SIGN_IDENTITY[sdk=iphoneos*]" = "iPhone Developer";
				COPY_PHASE_STRIP = NO;
				DEBUG_INFORMATION_FORMAT = "dwarf-with-dsym";
				ENABLE_NS_ASSERTIONS = NO;
				ENABLE_STRICT_OBJC_MSGSEND = YES;
				GCC_C_LANGUAGE_STANDARD = gnu99;
				GCC_NO_COMMON_BLOCKS = YES;
				GCC_WARN_64_TO_32_BIT_CONVERSION = YES;
				GCC_WARN_ABOUT_RETURN_TYPE = YES_ERROR;
				GCC_WARN_UNDECLARED_SELECTOR = YES;
				GCC_WARN_UNINITIALIZED_AUTOS = YES_AGGRESSIVE;
				GCC_WARN_UNUSED_FUNCTION = YES;
				GCC_WARN_UNUSED_VARIABLE = YES;
				IPHONEOS_DEPLOYMENT_TARGET = 10.2;
				MTL_ENABLE_DEBUG_INFO = NO;
				SDKROOT = iphoneos;
				TARGETED_DEVICE_FAMILY = "1,2";
				VALIDATE_PRODUCT = YES;
			};
			name = Release;
		};
		DABC93981E64BEEA00450520 /* Debug */ = {
			isa = XCBuildConfiguration;
			buildSettings = {
				ASSETCATALOG_COMPILER_APPICON_NAME = AppIcon;
				DEVELOPMENT_TEAM = UZD8JHA5UW;
				INFOPLIST_FILE = iPhoneImages/Info.plist;
				LD_RUNPATH_SEARCH_PATHS = "$(inherited) @executable_path/Frameworks";
				PRODUCT_BUNDLE_IDENTIFIER = com.leomoon.iPhoneImages;
				PRODUCT_NAME = "$(TARGET_NAME)";
			};
			name = Debug;
		};
		DABC93991E64BEEA00450520 /* Release */ = {
			isa = XCBuildConfiguration;
			buildSettings = {
				ASSETCATALOG_COMPILER_APPICON_NAME = AppIcon;
				DEVELOPMENT_TEAM = UZD8JHA5UW;
				INFOPLIST_FILE = iPhoneImages/Info.plist;
				LD_RUNPATH_SEARCH_PATHS = "$(inherited) @executable_path/Frameworks";
				PRODUCT_BUNDLE_IDENTIFIER = com.leomoon.iPhoneImages;
				PRODUCT_NAME = "$(TARGET_NAME)";
			};
			name = Release;
		};
/* End XCBuildConfiguration section */

/* Begin XCConfigurationList section */
		DABC93781E64BEEA00450520 /* Build configuration list for PBXProject "iPhoneImages" */ = {
			isa = XCConfigurationList;
			buildConfigurations = (
				DABC93951E64BEEA00450520 /* Debug */,
				DABC93961E64BEEA00450520 /* Release */,
			);
			defaultConfigurationIsVisible = 0;
			defaultConfigurationName = Release;
		};
		DABC93971E64BEEA00450520 /* Build configuration list for PBXNativeTarget "iPhoneImages" */ = {
			isa = XCConfigurationList;
			buildConfigurations = (
				DABC93981E64BEEA00450520 /* Debug */,
				DABC93991E64BEEA00450520 /* Release */,
			);
			defaultConfigurationIsVisible = 0;
		};
/* End XCConfigurationList section */

/* Begin XCVersionGroup section */
		DABC938C1E64BEEA00450520 /* iPhoneImages.xcdatamodeld */ = {
			isa = XCVersionGroup;
			children = (
				DABC938D1E64BEEA00450520 /* iPhoneImages.xcdatamodel */,
			);
			currentVersion = DABC938D1E64BEEA00450520 /* iPhoneImages.xcdatamodel */;
			path = iPhoneImages.xcdatamodeld;
			sourceTree = "<group>";
			versionGroupType = wrapper.xcdatamodel;
		};
/* End XCVersionGroup section */
	};
	rootObject = DABC93751E64BEEA00450520 /* Project object */;
}
